
Microsoft Visual Studio Solution File, Format Version 12.00
# Visual Studio Version 17
VisualStudioVersion = 17.9.34622.214
MinimumVisualStudioVersion = 10.0.40219.1
Project("{FAE04EC0-301F-11D3-BF4B-00C04F79EFBC}") = "SwinAdventure", "SwinAdventure\SwinAdventure.csproj", "{E934E87F-606F-4123-B41F-EBE02F38B952}"
EndProject
Project("{FAE04EC0-301F-11D3-BF4B-00C04F79EFBC}") = "TestProject1", "TestProject1\TestProject1.csproj", "{834374DD-E561-4309-A539-6A6C2E47B413}"
EndProject
Global
	GlobalSection(SolutionConfigurationPlatforms) = preSolution
		Debug|Any CPU = Debug|Any CPU
		Release|Any CPU = Release|Any CPU
	EndGlobalSection
	GlobalSection(ProjectConfigurationPlatforms) = postSolution
		{E934E87F-606F-4123-B41F-EBE02F38B952}.Debug|Any CPU.ActiveCfg = Debug|Any CPU
		{E934E87F-606F-4123-B41F-EBE02F38B952}.Debug|Any CPU.Build.0 = Debug|Any CPU
		{E934E87F-606F-4123-B41F-EBE02F38B952}.Release|Any CPU.ActiveCfg = Release|Any CPU
		{E934E87F-606F-4123-B41F-EBE02F38B952}.Release|Any CPU.Build.0 = Release|Any CPU
		{834374DD-E561-4309-A539-6A6C2E47B413}.Debug|Any CPU.ActiveCfg = Debug|Any CPU
		{834374DD-E561-4309-A539-6A6C2E47B413}.Debug|Any CPU.Build.0 = Debug|Any CPU
		{834374DD-E561-4309-A539-6A6C2E47B413}.Release|Any CPU.ActiveCfg = Release|Any CPU
		{834374DD-E561-4309-A539-6A6C2E47B413}.Release|Any CPU.Build.0 = Release|Any CPU
	EndGlobalSection
	GlobalSection(SolutionProperties) = preSolution
		HideSolutionNode = FALSE
	EndGlobalSection
	GlobalSection(ExtensibilityGlobals) = postSolution
		SolutionGuid = {E8EE0AB3-284D-4855-B4D0-FC05273EB5A0}
	EndGlobalSection
EndGlobal
